
Microsoft Visual Studio Solution File, Format Version 12.00
Project("{FAE04EC0-301F-11D3-BF4B-00C04F79EFBC}") = "TotalMoon", "TotalMoon\TotalMoon.csproj", "{DCFFF123-AF09-4AC9-91B1-A3E1BA184ABD}"
EndProject
Global
	GlobalSection(SolutionConfigurationPlatforms) = preSolution
		Debug|Any CPU = Debug|Any CPU
		Release|Any CPU = Release|Any CPU
	EndGlobalSection
	GlobalSection(ProjectConfigurationPlatforms) = postSolution
		{DCFFF123-AF09-4AC9-91B1-A3E1BA184ABD}.Debug|Any CPU.ActiveCfg = Debug|Any CPU
		{DCFFF123-AF09-4AC9-91B1-A3E1BA184ABD}.Debug|Any CPU.Build.0 = Debug|Any CPU
		{DCFFF123-AF09-4AC9-91B1-A3E1BA184ABD}.Release|Any CPU.ActiveCfg = Release|Any CPU
		{DCFFF123-AF09-4AC9-91B1-A3E1BA184ABD}.Release|Any CPU.Build.0 = Release|Any CPU
	EndGlobalSection
EndGlobal
